
Microsoft Visual Studio Solution File, Format Version 12.00
# Visual Studio 15
VisualStudioVersion = 15.0.26430.13
MinimumVisualStudioVersion = 10.0.40219.1
Project("{FAE04EC0-301F-11D3-BF4B-00C04F79EFBC}") = "TTL.Bot", "TTL.Bot\TTL.Bot.csproj", "{AC4C1B9B-5FF1-474B-A6FC-0B7D2F711A84}"
EndProject
Global
	GlobalSection(SolutionConfigurationPlatforms) = preSolution
		Debug|Any CPU = Debug|Any CPU
		Release|Any CPU = Release|Any CPU
	EndGlobalSection
	GlobalSection(ProjectConfigurationPlatforms) = postSolution
		{AC4C1B9B-5FF1-474B-A6FC-0B7D2F711A84}.Debug|Any CPU.ActiveCfg = Debug|Any CPU
		{AC4C1B9B-5FF1-474B-A6FC-0B7D2F711A84}.Debug|Any CPU.Build.0 = Debug|Any CPU
		{AC4C1B9B-5FF1-474B-A6FC-0B7D2F711A84}.Release|Any CPU.ActiveCfg = Release|Any CPU
		{AC4C1B9B-5FF1-474B-A6FC-0B7D2F711A84}.Release|Any CPU.Build.0 = Release|Any CPU
	EndGlobalSection
	GlobalSection(SolutionProperties) = preSolution
		HideSolutionNode = FALSE
	EndGlobalSection
	GlobalSection(CodealikeProperties) = postSolution
		SolutionGuid = 9b76af20-a1e3-4131-8711-551b4970a37f
	EndGlobalSection
EndGlobal
